// !$*UTF8*$!
{
	archiveVersion = 1;
	classes = {
	};
	objectVersion = 56;
	objects = {

/* Begin PBXBuildFile section */
		521570AC291A88CD00461C44 /* AppDelegate.swift in Sources */ = {isa = PBXBuildFile; fileRef = 521570AB291A88CD00461C44 /* AppDelegate.swift */; };
		521570AE291A88CD00461C44 /* SceneDelegate.swift in Sources */ = {isa = PBXBuildFile; fileRef = 521570AD291A88CD00461C44 /* SceneDelegate.swift */; };
		521570B0291A88CD00461C44 /* Menu.swift in Sources */ = {isa = PBXBuildFile; fileRef = 521570AF291A88CD00461C44 /* Menu.swift */; };
		521570B3291A88CD00461C44 /* Main.storyboard in Resources */ = {isa = PBXBuildFile; fileRef = 521570B1291A88CD00461C44 /* Main.storyboard */; };
		521570B5291A88D200461C44 /* Assets.xcassets in Resources */ = {isa = PBXBuildFile; fileRef = 521570B4291A88D200461C44 /* Assets.xcassets */; };
		521570B8291A88D200461C44 /* LaunchScreen.storyboard in Resources */ = {isa = PBXBuildFile; fileRef = 521570B6291A88D200461C44 /* LaunchScreen.storyboard */; };
		52500665291D1D2500994E94 /* Picture.swift in Sources */ = {isa = PBXBuildFile; fileRef = 52500664291D1D2500994E94 /* Picture.swift */; };
		525D77D3291BA81E00C84FCC /* NavigationController.swift in Sources */ = {isa = PBXBuildFile; fileRef = 525D77D2291BA81E00C84FCC /* NavigationController.swift */; };
		52798B77291B9DC10093CC4C /* Profile.swift in Sources */ = {isa = PBXBuildFile; fileRef = 52798B76291B9DC10093CC4C /* Profile.swift */; };
		52798B79291B9DEE0093CC4C /* Category.swift in Sources */ = {isa = PBXBuildFile; fileRef = 52798B78291B9DEE0093CC4C /* Category.swift */; };
		52798B7B291B9E110093CC4C /* Exeplary.swift in Sources */ = {isa = PBXBuildFile; fileRef = 52798B7A291B9E110093CC4C /* Exeplary.swift */; };
		52798B7D291B9E290093CC4C /* Elements.swift in Sources */ = {isa = PBXBuildFile; fileRef = 52798B7C291B9E290093CC4C /* Elements.swift */; };
		52798B7F291B9E420093CC4C /* Comments.swift in Sources */ = {isa = PBXBuildFile; fileRef = 52798B7E291B9E420093CC4C /* Comments.swift */; };
		52798B81291B9E780093CC4C /* Cart.swift in Sources */ = {isa = PBXBuildFile; fileRef = 52798B80291B9E780093CC4C /* Cart.swift */; };
		52798B83291B9EA70093CC4C /* Adress.swift in Sources */ = {isa = PBXBuildFile; fileRef = 52798B82291B9EA70093CC4C /* Adress.swift */; };
		52798B85291B9EC60093CC4C /* Complete.swift in Sources */ = {isa = PBXBuildFile; fileRef = 52798B84291B9EC50093CC4C /* Complete.swift */; };
/* End PBXBuildFile section */

/* Begin PBXFileReference section */
		521570A8291A88CD00461C44 /* Dress.app */ = {isa = PBXFileReference; explicitFileType = wrapper.application; includeInIndex = 0; path = Dress.app; sourceTree = BUILT_PRODUCTS_DIR; };
		521570AB291A88CD00461C44 /* AppDelegate.swift */ = {isa = PBXFileReference; lastKnownFileType = sourcecode.swift; path = AppDelegate.swift; sourceTree = "<group>"; };
		521570AD291A88CD00461C44 /* SceneDelegate.swift */ = {isa = PBXFileReference; lastKnownFileType = sourcecode.swift; path = SceneDelegate.swift; sourceTree = "<group>"; };
		521570AF291A88CD00461C44 /* Menu.swift */ = {isa = PBXFileReference; lastKnownFileType = sourcecode.swift; path = Menu.swift; sourceTree = "<group>"; };
		521570B2291A88CD00461C44 /* Base */ = {isa = PBXFileReference; lastKnownFileType = file.storyboard; name = Base; path = Base.lproj/Main.storyboard; sourceTree = "<group>"; };
		521570B4291A88D200461C44 /* Assets.xcassets */ = {isa = PBXFileReference; lastKnownFileType = folder.assetcatalog; path = Assets.xcassets; sourceTree = "<group>"; };
		521570B7291A88D200461C44 /* Base */ = {isa = PBXFileReference; lastKnownFileType = file.storyboard; name = Base; path = Base.lproj/LaunchScreen.storyboard; sourceTree = "<group>"; };
		521570B9291A88D200461C44 /* Info.plist */ = {isa = PBXFileReference; lastKnownFileType = text.plist.xml; path = Info.plist; sourceTree = "<group>"; };
		52500664291D1D2500994E94 /* Picture.swift */ = {isa = PBXFileReference; lastKnownFileType = sourcecode.swift; path = Picture.swift; sourceTree = "<group>"; };
		525D77D2291BA81E00C84FCC /* NavigationController.swift */ = {isa = PBXFileReference; lastKnownFileType = sourcecode.swift; path = NavigationController.swift; sourceTree = "<group>"; };
		52798B76291B9DC10093CC4C /* Profile.swift */ = {isa = PBXFileReference; lastKnownFileType = sourcecode.swift; path = Profile.swift; sourceTree = "<group>"; };
		52798B78291B9DEE0093CC4C /* Category.swift */ = {isa = PBXFileReference; lastKnownFileType = sourcecode.swift; path = Category.swift; sourceTree = "<group>"; };
		52798B7A291B9E110093CC4C /* Exeplary.swift */ = {isa = PBXFileReference; lastKnownFileType = sourcecode.swift; path = Exeplary.swift; sourceTree = "<group>"; };
		52798B7C291B9E290093CC4C /* Elements.swift */ = {isa = PBXFileReference; lastKnownFileType = sourcecode.swift; path = Elements.swift; sourceTree = "<group>"; };
		52798B7E291B9E420093CC4C /* Comments.swift */ = {isa = PBXFileReference; lastKnownFileType = sourcecode.swift; path = Comments.swift; sourceTree = "<group>"; };
		52798B80291B9E780093CC4C /* Cart.swift */ = {isa = PBXFileReference; lastKnownFileType = sourcecode.swift; path = Cart.swift; sourceTree = "<group>"; };
		52798B82291B9EA70093CC4C /* Adress.swift */ = {isa = PBXFileReference; lastKnownFileType = sourcecode.swift; path = Adress.swift; sourceTree = "<group>"; };
		52798B84291B9EC50093CC4C /* Complete.swift */ = {isa = PBXFileReference; lastKnownFileType = sourcecode.swift; path = Complete.swift; sourceTree = "<group>"; };
/* End PBXFileReference section */

/* Begin PBXFrameworksBuildPhase section */
		521570A5291A88CD00461C44 /* Frameworks */ = {
			isa = PBXFrameworksBuildPhase;
			buildActionMask = 2147483647;
			files = (
			);
			runOnlyForDeploymentPostprocessing = 0;
		};
/* End PBXFrameworksBuildPhase section */

/* Begin PBXGroup section */
		5215709F291A88CD00461C44 = {
			isa = PBXGroup;
			children = (
				521570AA291A88CD00461C44 /* Dress */,
				521570A9291A88CD00461C44 /* Products */,
			);
			sourceTree = "<group>";
		};
		521570A9291A88CD00461C44 /* Products */ = {
			isa = PBXGroup;
			children = (
				521570A8291A88CD00461C44 /* Dress.app */,
			);
			name = Products;
			sourceTree = "<group>";
		};
		521570AA291A88CD00461C44 /* Dress */ = {
			isa = PBXGroup;
			children = (
				521570BF291A88E800461C44 /* Models */,
				521570C2291A890C00461C44 /* Controllers */,
				521570C0291A88F700461C44 /* Views */,
				521570AB291A88CD00461C44 /* AppDelegate.swift */,
				521570AD291A88CD00461C44 /* SceneDelegate.swift */,
				521570B4291A88D200461C44 /* Assets.xcassets */,
				521570B9291A88D200461C44 /* Info.plist */,
			);
			path = Dress;
			sourceTree = "<group>";
		};
		521570BF291A88E800461C44 /* Models */ = {
			isa = PBXGroup;
			children = (
				52500664291D1D2500994E94 /* Picture.swift */,
			);
			path = Models;
			sourceTree = "<group>";
		};
		521570C0291A88F700461C44 /* Views */ = {
			isa = PBXGroup;
			children = (
				521570B6291A88D200461C44 /* LaunchScreen.storyboard */,
				521570B1291A88CD00461C44 /* Main.storyboard */,
			);
			path = Views;
			sourceTree = "<group>";
		};
		521570C2291A890C00461C44 /* Controllers */ = {
			isa = PBXGroup;
			children = (
				521570AF291A88CD00461C44 /* Menu.swift */,
				52798B78291B9DEE0093CC4C /* Category.swift */,
				52798B7A291B9E110093CC4C /* Exeplary.swift */,
				52798B7C291B9E290093CC4C /* Elements.swift */,
				52798B7E291B9E420093CC4C /* Comments.swift */,
				52798B80291B9E780093CC4C /* Cart.swift */,
				52798B76291B9DC10093CC4C /* Profile.swift */,
				52798B82291B9EA70093CC4C /* Adress.swift */,
				52798B84291B9EC50093CC4C /* Complete.swift */,
				525D77D2291BA81E00C84FCC /* NavigationController.swift */,
			);
			path = Controllers;
			sourceTree = "<group>";
		};
/* End PBXGroup section */

/* Begin PBXNativeTarget section */
		521570A7291A88CD00461C44 /* Dress */ = {
			isa = PBXNativeTarget;
			buildConfigurationList = 521570BC291A88D200461C44 /* Build configuration list for PBXNativeTarget "Dress" */;
			buildPhases = (
				521570A4291A88CD00461C44 /* Sources */,
				521570A5291A88CD00461C44 /* Frameworks */,
				521570A6291A88CD00461C44 /* Resources */,
			);
			buildRules = (
			);
			dependencies = (
			);
			name = Dress;
			productName = Dress;
			productReference = 521570A8291A88CD00461C44 /* Dress.app */;
			productType = "com.apple.product-type.application";
		};
/* End PBXNativeTarget section */

/* Begin PBXProject section */
		521570A0291A88CD00461C44 /* Project object */ = {
			isa = PBXProject;
			attributes = {
				BuildIndependentTargetsInParallel = 1;
				LastSwiftUpdateCheck = 1400;
				LastUpgradeCheck = 1400;
				TargetAttributes = {
					521570A7291A88CD00461C44 = {
						CreatedOnToolsVersion = 14.0.1;
					};
				};
			};
			buildConfigurationList = 521570A3291A88CD00461C44 /* Build configuration list for PBXProject "Dress" */;
			compatibilityVersion = "Xcode 14.0";
			developmentRegion = en;
			hasScannedForEncodings = 0;
			knownRegions = (
				en,
				Base,
			);
			mainGroup = 5215709F291A88CD00461C44;
			productRefGroup = 521570A9291A88CD00461C44 /* Products */;
			projectDirPath = "";
			projectRoot = "";
			targets = (
				521570A7291A88CD00461C44 /* Dress */,
			);
		};
/* End PBXProject section */

/* Begin PBXResourcesBuildPhase section */
		521570A6291A88CD00461C44 /* Resources */ = {
			isa = PBXResourcesBuildPhase;
			buildActionMask = 2147483647;
			files = (
				521570B8291A88D200461C44 /* LaunchScreen.storyboard in Resources */,
				521570B5291A88D200461C44 /* Assets.xcassets in Resources */,
				521570B3291A88CD00461C44 /* Main.storyboard in Resources */,
			);
			runOnlyForDeploymentPostprocessing = 0;
		};
/* End PBXResourcesBuildPhase section */

/* Begin PBXSourcesBuildPhase section */
		521570A4291A88CD00461C44 /* Sources */ = {
			isa = PBXSourcesBuildPhase;
			buildActionMask = 2147483647;
			files = (
				52798B7D291B9E290093CC4C /* Elements.swift in Sources */,
				525D77D3291BA81E00C84FCC /* NavigationController.swift in Sources */,
				52798B81291B9E780093CC4C /* Cart.swift in Sources */,
				521570B0291A88CD00461C44 /* Menu.swift in Sources */,
				52798B83291B9EA70093CC4C /* Adress.swift in Sources */,
				52798B7B291B9E110093CC4C /* Exeplary.swift in Sources */,
				52798B79291B9DEE0093CC4C /* Category.swift in Sources */,
				52798B77291B9DC10093CC4C /* Profile.swift in Sources */,
				52798B85291B9EC60093CC4C /* Complete.swift in Sources */,
				521570AC291A88CD00461C44 /* AppDelegate.swift in Sources */,
				52500665291D1D2500994E94 /* Picture.swift in Sources */,
				521570AE291A88CD00461C44 /* SceneDelegate.swift in Sources */,
				52798B7F291B9E420093CC4C /* Comments.swift in Sources */,
			);
			runOnlyForDeploymentPostprocessing = 0;
		};
/* End PBXSourcesBuildPhase section */

/* Begin PBXVariantGroup section */
		521570B1291A88CD00461C44 /* Main.storyboard */ = {
			isa = PBXVariantGroup;
			children = (
				521570B2291A88CD00461C44 /* Base */,
			);
			name = Main.storyboard;
			sourceTree = "<group>";
		};
		521570B6291A88D200461C44 /* LaunchScreen.storyboard */ = {
			isa = PBXVariantGroup;
			children = (
				521570B7291A88D200461C44 /* Base */,
			);
			name = LaunchScreen.storyboard;
			sourceTree = "<group>";
		};
/* End PBXVariantGroup section */

/* Begin XCBuildConfiguration section */
		521570BA291A88D200461C44 /* Debug */ = {
			isa = XCBuildConfiguration;
			buildSettings = {
				ALWAYS_SEARCH_USER_PATHS = NO;
				CLANG_ANALYZER_NONNULL = YES;
				CLANG_ANALYZER_NUMBER_OBJECT_CONVERSION = YES_AGGRESSIVE;
				CLANG_CXX_LANGUAGE_STANDARD = "gnu++20";
				CLANG_ENABLE_MODULES = YES;
				CLANG_ENABLE_OBJC_ARC = YES;
				CLANG_ENABLE_OBJC_WEAK = YES;
				CLANG_WARN_BLOCK_CAPTURE_AUTORELEASING = YES;
				CLANG_WARN_BOOL_CONVERSION = YES;
				CLANG_WARN_COMMA = YES;
				CLANG_WARN_CONSTANT_CONVERSION = YES;
				CLANG_WARN_DEPRECATED_OBJC_IMPLEMENTATIONS = YES;
				CLANG_WARN_DIRECT_OBJC_ISA_USAGE = YES_ERROR;
				CLANG_WARN_DOCUMENTATION_COMMENTS = YES;
				CLANG_WARN_EMPTY_BODY = YES;
				CLANG_WARN_ENUM_CONVERSION = YES;
				CLANG_WARN_INFINITE_RECURSION = YES;
				CLANG_WARN_INT_CONVERSION = YES;
				CLANG_WARN_NON_LITERAL_NULL_CONVERSION = YES;
				CLANG_WARN_OBJC_IMPLICIT_RETAIN_SELF = YES;
				CLANG_WARN_OBJC_LITERAL_CONVERSION = YES;
				CLANG_WARN_OBJC_ROOT_CLASS = YES_ERROR;
				CLANG_WARN_QUOTED_INCLUDE_IN_FRAMEWORK_HEADER = YES;
				CLANG_WARN_RANGE_LOOP_ANALYSIS = YES;
				CLANG_WARN_STRICT_PROTOTYPES = YES;
				CLANG_WARN_SUSPICIOUS_MOVE = YES;
				CLANG_WARN_UNGUARDED_AVAILABILITY = YES_AGGRESSIVE;
				CLANG_WARN_UNREACHABLE_CODE = YES;
				CLANG_WARN__DUPLICATE_METHOD_MATCH = YES;
				COPY_PHASE_STRIP = NO;
				DEBUG_INFORMATION_FORMAT = dwarf;
				ENABLE_STRICT_OBJC_MSGSEND = YES;
				ENABLE_TESTABILITY = YES;
				GCC_C_LANGUAGE_STANDARD = gnu11;
				GCC_DYNAMIC_NO_PIC = NO;
				GCC_NO_COMMON_BLOCKS = YES;
				GCC_OPTIMIZATION_LEVEL = 0;
				GCC_PREPROCESSOR_DEFINITIONS = (
					"DEBUG=1",
					"$(inherited)",
				);
				GCC_WARN_64_TO_32_BIT_CONVERSION = YES;
				GCC_WARN_ABOUT_RETURN_TYPE = YES_ERROR;
				GCC_WARN_UNDECLARED_SELECTOR = YES;
				GCC_WARN_UNINITIALIZED_AUTOS = YES_AGGRESSIVE;
				GCC_WARN_UNUSED_FUNCTION = YES;
				GCC_WARN_UNUSED_VARIABLE = YES;
				IPHONEOS_DEPLOYMENT_TARGET = 16.0;
				MTL_ENABLE_DEBUG_INFO = INCLUDE_SOURCE;
				MTL_FAST_MATH = YES;
				ONLY_ACTIVE_ARCH = YES;
				SDKROOT = iphoneos;
				SWIFT_ACTIVE_COMPILATION_CONDITIONS = DEBUG;
				SWIFT_OPTIMIZATION_LEVEL = "-Onone";
			};
			name = Debug;
		};
		521570BB291A88D200461C44 /* Release */ = {
			isa = XCBuildConfiguration;
			buildSettings = {
				ALWAYS_SEARCH_USER_PATHS = NO;
				CLANG_ANALYZER_NONNULL = YES;
				CLANG_ANALYZER_NUMBER_OBJECT_CONVERSION = YES_AGGRESSIVE;
				CLANG_CXX_LANGUAGE_STANDARD = "gnu++20";
				CLANG_ENABLE_MODULES = YES;
				CLANG_ENABLE_OBJC_ARC = YES;
				CLANG_ENABLE_OBJC_WEAK = YES;
				CLANG_WARN_BLOCK_CAPTURE_AUTORELEASING = YES;
				CLANG_WARN_BOOL_CONVERSION = YES;
				CLANG_WARN_COMMA = YES;
				CLANG_WARN_CONSTANT_CONVERSION = YES;
				CLANG_WARN_DEPRECATED_OBJC_IMPLEMENTATIONS = YES;
				CLANG_WARN_DIRECT_OBJC_ISA_USAGE = YES_ERROR;
				CLANG_WARN_DOCUMENTATION_COMMENTS = YES;
				CLANG_WARN_EMPTY_BODY = YES;
				CLANG_WARN_ENUM_CONVERSION = YES;
				CLANG_WARN_INFINITE_RECURSION = YES;
				CLANG_WARN_INT_CONVERSION = YES;
				CLANG_WARN_NON_LITERAL_NULL_CONVERSION = YES;
				CLANG_WARN_OBJC_IMPLICIT_RETAIN_SELF = YES;
				CLANG_WARN_OBJC_LITERAL_CONVERSION = YES;
				CLANG_WARN_OBJC_ROOT_CLASS = YES_ERROR;
				CLANG_WARN_QUOTED_INCLUDE_IN_FRAMEWORK_HEADER = YES;
				CLANG_WARN_RANGE_LOOP_ANALYSIS = YES;
				CLANG_WARN_STRICT_PROTOTYPES = YES;
				CLANG_WARN_SUSPICIOUS_MOVE = YES;
				CLANG_WARN_UNGUARDED_AVAILABILITY = YES_AGGRESSIVE;
				CLANG_WARN_UNREACHABLE_CODE = YES;
				CLANG_WARN__DUPLICATE_METHOD_MATCH = YES;
				COPY_PHASE_STRIP = NO;
				DEBUG_INFORMATION_FORMAT = "dwarf-with-dsym";
				ENABLE_NS_ASSERTIONS = NO;
				ENABLE_STRICT_OBJC_MSGSEND = YES;
				GCC_C_LANGUAGE_STANDARD = gnu11;
				GCC_NO_COMMON_BLOCKS = YES;
				GCC_WARN_64_TO_32_BIT_CONVERSION = YES;
				GCC_WARN_ABOUT_RETURN_TYPE = YES_ERROR;
				GCC_WARN_UNDECLARED_SELECTOR = YES;
				GCC_WARN_UNINITIALIZED_AUTOS = YES_AGGRESSIVE;
				GCC_WARN_UNUSED_FUNCTION = YES;
				GCC_WARN_UNUSED_VARIABLE = YES;
				IPHONEOS_DEPLOYMENT_TARGET = 16.0;
				MTL_ENABLE_DEBUG_INFO = NO;
				MTL_FAST_MATH = YES;
				SDKROOT = iphoneos;
				SWIFT_COMPILATION_MODE = wholemodule;
				SWIFT_OPTIMIZATION_LEVEL = "-O";
				VALIDATE_PRODUCT = YES;
			};
			name = Release;
		};
		521570BD291A88D200461C44 /* Debug */ = {
			isa = XCBuildConfiguration;
			buildSettings = {
				ASSETCATALOG_COMPILER_APPICON_NAME = AppIcon;
				ASSETCATALOG_COMPILER_GLOBAL_ACCENT_COLOR_NAME = AccentColor;
				CODE_SIGN_STYLE = Automatic;
				CURRENT_PROJECT_VERSION = 1;
				DEVELOPMENT_TEAM = 52Z7T742LY;
				GENERATE_INFOPLIST_FILE = YES;
				INFOPLIST_FILE = Dress/Info.plist;
				INFOPLIST_KEY_UIApplicationSupportsIndirectInputEvents = YES;
				INFOPLIST_KEY_UILaunchStoryboardName = LaunchScreen;
				INFOPLIST_KEY_UIMainStoryboardFile = Main;
				INFOPLIST_KEY_UISupportedInterfaceOrientations_iPad = "UIInterfaceOrientationPortrait UIInterfaceOrientationPortraitUpsideDown UIInterfaceOrientationLandscapeLeft UIInterfaceOrientationLandscapeRight";
				INFOPLIST_KEY_UISupportedInterfaceOrientations_iPhone = "UIInterfaceOrientationPortrait UIInterfaceOrientationLandscapeLeft UIInterfaceOrientationLandscapeRight";
				LD_RUNPATH_SEARCH_PATHS = (
					"$(inherited)",
					"@executable_path/Frameworks",
				);
				MARKETING_VERSION = 1.0;
				PRODUCT_BUNDLE_IDENTIFIER = ilyaZagum.Dress;
				PRODUCT_NAME = "$(TARGET_NAME)";
				SUPPORTED_PLATFORMS = "iphoneos iphonesimulator";
				SUPPORTS_MACCATALYST = NO;
				SUPPORTS_MAC_DESIGNED_FOR_IPHONE_IPAD = NO;
				SWIFT_EMIT_LOC_STRINGS = YES;
				SWIFT_VERSION = 5.0;
				TARGETED_DEVICE_FAMILY = 1;
			};
			name = Debug;
		};
		521570BE291A88D200461C44 /* Release */ = {
			isa = XCBuildConfiguration;
			buildSettings = {
				ASSETCATALOG_COMPILER_APPICON_NAME = AppIcon;
				ASSETCATALOG_COMPILER_GLOBAL_ACCENT_COLOR_NAME = AccentColor;
				CODE_SIGN_STYLE = Automatic;
				CURRENT_PROJECT_VERSION = 1;
				DEVELOPMENT_TEAM = 52Z7T742LY;
				GENERATE_INFOPLIST_FILE = YES;
				INFOPLIST_FILE = Dress/Info.plist;
				INFOPLIST_KEY_UIApplicationSupportsIndirectInputEvents = YES;
				INFOPLIST_KEY_UILaunchStoryboardName = LaunchScreen;
				INFOPLIST_KEY_UIMainStoryboardFile = Main;
				INFOPLIST_KEY_UISupportedInterfaceOrientations_iPad = "UIInterfaceOrientationPortrait UIInterfaceOrientationPortraitUpsideDown UIInterfaceOrientationLandscapeLeft UIInterfaceOrientationLandscapeRight";
				INFOPLIST_KEY_UISupportedInterfaceOrientations_iPhone = "UIInterfaceOrientationPortrait UIInterfaceOrientationLandscapeLeft UIInterfaceOrientationLandscapeRight";
				LD_RUNPATH_SEARCH_PATHS = (
					"$(inherited)",
					"@executable_path/Frameworks",
				);
				MARKETING_VERSION = 1.0;
				PRODUCT_BUNDLE_IDENTIFIER = ilyaZagum.Dress;
				PRODUCT_NAME = "$(TARGET_NAME)";
				SUPPORTED_PLATFORMS = "iphoneos iphonesimulator";
				SUPPORTS_MACCATALYST = NO;
				SUPPORTS_MAC_DESIGNED_FOR_IPHONE_IPAD = NO;
				SWIFT_EMIT_LOC_STRINGS = YES;
				SWIFT_VERSION = 5.0;
				TARGETED_DEVICE_FAMILY = 1;
			};
			name = Release;
		};
/* End XCBuildConfiguration section */

/* Begin XCConfigurationList section */
		521570A3291A88CD00461C44 /* Build configuration list for PBXProject "Dress" */ = {
			isa = XCConfigurationList;
			buildConfigurations = (
				521570BA291A88D200461C44 /* Debug */,
				521570BB291A88D200461C44 /* Release */,
			);
			defaultConfigurationIsVisible = 0;
			defaultConfigurationName = Release;
		};
		521570BC291A88D200461C44 /* Build configuration list for PBXNativeTarget "Dress" */ = {
			isa = XCConfigurationList;
			buildConfigurations = (
				521570BD291A88D200461C44 /* Debug */,
				521570BE291A88D200461C44 /* Release */,
			);
			defaultConfigurationIsVisible = 0;
			defaultConfigurationName = Release;
		};
/* End XCConfigurationList section */
	};
	rootObject = 521570A0291A88CD00461C44 /* Project object */;
}
